
Microsoft Visual Studio Solution File, Format Version 12.00
# Visual Studio Version 17
VisualStudioVersion = 17.0.31903.59
MinimumVisualStudioVersion = 10.0.40219.1
Project("{2150E333-8FDC-42A3-9474-1A3956D46DE8}") = "src", "src", "{256FEC24-AD6F-44A9-9F4E-1D3FD0B439CF}"
EndProject
Project("{FAE04EC0-301F-11D3-BF4B-00C04F79EFBC}") = "ExpenseTracker.Domain", "src\ExpenseTracker.Domain\ExpenseTracker.Domain.csproj", "{841BEA2F-583B-476D-9222-AB1D5A845298}"
EndProject
Project("{FAE04EC0-301F-11D3-BF4B-00C04F79EFBC}") = "ExpenseTracker.Application", "src\ExpenseTracker.Application\ExpenseTracker.Application.csproj", "{8815DA4F-FFE2-42EE-B0D8-FBCD0A8A5671}"
EndProject
Project("{FAE04EC0-301F-11D3-BF4B-00C04F79EFBC}") = "ExpenseTracker.Infrastructure", "src\ExpenseTracker.Infrastructure\ExpenseTracker.Infrastructure.csproj", "{BF6AA32D-00C0-4BDF-B9DE-C2B4D436F535}"
EndProject
Project("{FAE04EC0-301F-11D3-BF4B-00C04F79EFBC}") = "ExpenseTracker.Api", "src\ExpenseTracker.Api\ExpenseTracker.Api.csproj", "{FD4B5384-63E3-4F96-89BA-89A44A2BCFE0}"
EndProject
Project("{FAE04EC0-301F-11D3-BF4B-00C04F79EFBC}") = "ExpenseTracker.Application.Tests", "tests\ExpenseTracker.Application.Tests\ExpenseTracker.Application.Tests.csproj", "{C8E0B0D8-7AC7-4B4E-B9A7-39327B649FA8}"
EndProject
Global
	GlobalSection(SolutionConfigurationPlatforms) = preSolution
		Debug|Any CPU = Debug|Any CPU
		Release|Any CPU = Release|Any CPU
	EndGlobalSection
	GlobalSection(SolutionProperties) = preSolution
		HideSolutionNode = FALSE
	EndGlobalSection
	GlobalSection(ProjectConfigurationPlatforms) = postSolution
		{841BEA2F-583B-476D-9222-AB1D5A845298}.Debug|Any CPU.ActiveCfg = Debug|Any CPU
		{841BEA2F-583B-476D-9222-AB1D5A845298}.Debug|Any CPU.Build.0 = Debug|Any CPU
		{841BEA2F-583B-476D-9222-AB1D5A845298}.Release|Any CPU.ActiveCfg = Release|Any CPU
		{841BEA2F-583B-476D-9222-AB1D5A845298}.Release|Any CPU.Build.0 = Release|Any CPU
		{8815DA4F-FFE2-42EE-B0D8-FBCD0A8A5671}.Debug|Any CPU.ActiveCfg = Debug|Any CPU
		{8815DA4F-FFE2-42EE-B0D8-FBCD0A8A5671}.Debug|Any CPU.Build.0 = Debug|Any CPU
		{8815DA4F-FFE2-42EE-B0D8-FBCD0A8A5671}.Release|Any CPU.ActiveCfg = Release|Any CPU
		{8815DA4F-FFE2-42EE-B0D8-FBCD0A8A5671}.Release|Any CPU.Build.0 = Release|Any CPU
		{BF6AA32D-00C0-4BDF-B9DE-C2B4D436F535}.Debug|Any CPU.ActiveCfg = Debug|Any CPU
		{BF6AA32D-00C0-4BDF-B9DE-C2B4D436F535}.Debug|Any CPU.Build.0 = Debug|Any CPU
		{BF6AA32D-00C0-4BDF-B9DE-C2B4D436F535}.Release|Any CPU.ActiveCfg = Release|Any CPU
		{BF6AA32D-00C0-4BDF-B9DE-C2B4D436F535}.Release|Any CPU.Build.0 = Release|Any CPU
		{FD4B5384-63E3-4F96-89BA-89A44A2BCFE0}.Debug|Any CPU.ActiveCfg = Debug|Any CPU
		{FD4B5384-63E3-4F96-89BA-89A44A2BCFE0}.Debug|Any CPU.Build.0 = Debug|Any CPU
		{FD4B5384-63E3-4F96-89BA-89A44A2BCFE0}.Release|Any CPU.ActiveCfg = Release|Any CPU
		{FD4B5384-63E3-4F96-89BA-89A44A2BCFE0}.Release|Any CPU.Build.0 = Release|Any CPU
		{C8E0B0D8-7AC7-4B4E-B9A7-39327B649FA8}.Debug|Any CPU.ActiveCfg = Debug|Any CPU
		{C8E0B0D8-7AC7-4B4E-B9A7-39327B649FA8}.Debug|Any CPU.Build.0 = Debug|Any CPU
		{C8E0B0D8-7AC7-4B4E-B9A7-39327B649FA8}.Release|Any CPU.ActiveCfg = Release|Any CPU
		{C8E0B0D8-7AC7-4B4E-B9A7-39327B649FA8}.Release|Any CPU.Build.0 = Release|Any CPU
	EndGlobalSection
	GlobalSection(NestedProjects) = preSolution
		{841BEA2F-583B-476D-9222-AB1D5A845298} = {256FEC24-AD6F-44A9-9F4E-1D3FD0B439CF}
		{8815DA4F-FFE2-42EE-B0D8-FBCD0A8A5671} = {256FEC24-AD6F-44A9-9F4E-1D3FD0B439CF}
		{BF6AA32D-00C0-4BDF-B9DE-C2B4D436F535} = {256FEC24-AD6F-44A9-9F4E-1D3FD0B439CF}
		{FD4B5384-63E3-4F96-89BA-89A44A2BCFE0} = {256FEC24-AD6F-44A9-9F4E-1D3FD0B439CF}
		{C8E0B0D8-7AC7-4B4E-B9A7-39327B649FA8} = {256FEC24-AD6F-44A9-9F4E-1D3FD0B439CF}
	EndGlobalSection
EndGlobal
